// !$*UTF8*$!
{
	archiveVersion = 1;
	classes = {
	};
	objectVersion = 56;
	objects = {

/* Begin PBXBuildFile section */
		240832472AD9AB0200F61FE4 /* PagingView.swift in Sources */ = {isa = PBXBuildFile; fileRef = 240832462AD9AB0200F61FE4 /* PagingView.swift */; };
		2408324A2ADBD08000F61FE4 /* Constanst.swift in Sources */ = {isa = PBXBuildFile; fileRef = 240832492ADBD08000F61FE4 /* Constanst.swift */; };
		2408324D2ADBD87000F61FE4 /* TokenResponse.swift in Sources */ = {isa = PBXBuildFile; fileRef = 2408324C2ADBD87000F61FE4 /* TokenResponse.swift */; };
		2408324F2ADBE0AF00F61FE4 /* Categories.swift in Sources */ = {isa = PBXBuildFile; fileRef = 2408324E2ADBE0AF00F61FE4 /* Categories.swift */; };
		240832522ADC30D400F61FE4 /* SplashView.swift in Sources */ = {isa = PBXBuildFile; fileRef = 240832512ADC30D400F61FE4 /* SplashView.swift */; };
		240832542ADC30E500F61FE4 /* SplashViewModel.swift in Sources */ = {isa = PBXBuildFile; fileRef = 240832532ADC30E500F61FE4 /* SplashViewModel.swift */; };
		240832582ADC44A500F61FE4 /* ProfileView.swift in Sources */ = {isa = PBXBuildFile; fileRef = 240832572ADC44A500F61FE4 /* ProfileView.swift */; };
		2408325B2ADC44BB00F61FE4 /* ProfileViewModel.swift in Sources */ = {isa = PBXBuildFile; fileRef = 2408325A2ADC44BB00F61FE4 /* ProfileViewModel.swift */; };
		2422FF1D2AD6B6B20092CE45 /* RegisterViewModel.swift in Sources */ = {isa = PBXBuildFile; fileRef = 2422FF1C2AD6B6B20092CE45 /* RegisterViewModel.swift */; };
		24630BBA2AD6923500191991 /* Users.swift in Sources */ = {isa = PBXBuildFile; fileRef = 24630BB92AD6923500191991 /* Users.swift */; };
		24630BBC2AD692C800191991 /* LoginViewModel.swift in Sources */ = {isa = PBXBuildFile; fileRef = 24630BBB2AD692C800191991 /* LoginViewModel.swift */; };
		24630BBF2AD698D800191991 /* TLTextField.swift in Sources */ = {isa = PBXBuildFile; fileRef = 24630BBE2AD698D800191991 /* TLTextField.swift */; };
		24630BC12AD69EA300191991 /* TLButton.swift in Sources */ = {isa = PBXBuildFile; fileRef = 24630BC02AD69EA300191991 /* TLButton.swift */; };
		248081A82AB9BEA400148538 /* AppApp.swift in Sources */ = {isa = PBXBuildFile; fileRef = 248081A72AB9BEA400148538 /* AppApp.swift */; };
		248081AA2AB9BEA400148538 /* ContentView.swift in Sources */ = {isa = PBXBuildFile; fileRef = 248081A92AB9BEA400148538 /* ContentView.swift */; };
		248081AC2AB9BEA500148538 /* Assets.xcassets in Resources */ = {isa = PBXBuildFile; fileRef = 248081AB2AB9BEA500148538 /* Assets.xcassets */; };
		248081AF2AB9BEA500148538 /* Preview Assets.xcassets in Resources */ = {isa = PBXBuildFile; fileRef = 248081AE2AB9BEA500148538 /* Preview Assets.xcassets */; };
		248081BB2AB9BFF600148538 /* RegisterView.swift in Sources */ = {isa = PBXBuildFile; fileRef = 248081BA2AB9BFF600148538 /* RegisterView.swift */; };
		248081C02ABAB63300148538 /* LoginView.swift in Sources */ = {isa = PBXBuildFile; fileRef = 248081BF2ABAB63300148538 /* LoginView.swift */; };
		24983B162AD6CA97006D4228 /* TagBarView.swift in Sources */ = {isa = PBXBuildFile; fileRef = 24983B152AD6CA97006D4228 /* TagBarView.swift */; };
		24983B182AD6CAFD006D4228 /* HomeView.swift in Sources */ = {isa = PBXBuildFile; fileRef = 24983B172AD6CAFD006D4228 /* HomeView.swift */; };
		24983B1B2AD853AC006D4228 /* MyService.swift in Sources */ = {isa = PBXBuildFile; fileRef = 24983B1A2AD853AC006D4228 /* MyService.swift */; };
		24983B1D2AD91532006D4228 /* ForgotPasswordView.swift in Sources */ = {isa = PBXBuildFile; fileRef = 24983B1C2AD91532006D4228 /* ForgotPasswordView.swift */; };
		24983B212AD918A8006D4228 /* ForgotPasswordViewModel.swift in Sources */ = {isa = PBXBuildFile; fileRef = 24983B202AD918A8006D4228 /* ForgotPasswordViewModel.swift */; };
		24983B232AD91EEE006D4228 /* VerificationCodeView.swift in Sources */ = {isa = PBXBuildFile; fileRef = 24983B222AD91EEE006D4228 /* VerificationCodeView.swift */; };
		24983B252AD91F07006D4228 /* VerificationCodeViewModel.swift in Sources */ = {isa = PBXBuildFile; fileRef = 24983B242AD91F07006D4228 /* VerificationCodeViewModel.swift */; };
		24983B272AD923F5006D4228 /* TLSecureField.swift in Sources */ = {isa = PBXBuildFile; fileRef = 24983B262AD923F5006D4228 /* TLSecureField.swift */; };
		24983B292AD92501006D4228 /* NewPasswordView.swift in Sources */ = {isa = PBXBuildFile; fileRef = 24983B282AD92501006D4228 /* NewPasswordView.swift */; };
		24983B2B2AD9250F006D4228 /* NewPasswordViewModel.swift in Sources */ = {isa = PBXBuildFile; fileRef = 24983B2A2AD9250F006D4228 /* NewPasswordViewModel.swift */; };
		24983B2E2AD944EA006D4228 /* HomeViewModel.swift in Sources */ = {isa = PBXBuildFile; fileRef = 24983B2D2AD944EA006D4228 /* HomeViewModel.swift */; };
		24983B302AD94E38006D4228 /* Categories2.swift in Sources */ = {isa = PBXBuildFile; fileRef = 24983B2F2AD94E38006D4228 /* Categories2.swift */; };
		24983B322AD963C9006D4228 /* Product.swift in Sources */ = {isa = PBXBuildFile; fileRef = 24983B312AD963C9006D4228 /* Product.swift */; };
		24983B342AD964F4006D4228 /* ItemRow.swift in Sources */ = {isa = PBXBuildFile; fileRef = 24983B332AD964F4006D4228 /* ItemRow.swift */; };
		24983B392AD9A744006D4228 /* ItemDetailView.swift in Sources */ = {isa = PBXBuildFile; fileRef = 24983B382AD9A744006D4228 /* ItemDetailView.swift */; };
		876D0C079FBC6562F58CDA93 /* Pods_App.framework in Frameworks */ = {isa = PBXBuildFile; fileRef = 074DDC70FB3961263D710F10 /* Pods_App.framework */; };
/* End PBXBuildFile section */

/* Begin PBXFileReference section */
		074DDC70FB3961263D710F10 /* Pods_App.framework */ = {isa = PBXFileReference; explicitFileType = wrapper.framework; includeInIndex = 0; path = Pods_App.framework; sourceTree = BUILT_PRODUCTS_DIR; };
		0EAA6936F3A6149441770A0A /* Pods-App.release.xcconfig */ = {isa = PBXFileReference; includeInIndex = 1; lastKnownFileType = text.xcconfig; name = "Pods-App.release.xcconfig"; path = "Target Support Files/Pods-App/Pods-App.release.xcconfig"; sourceTree = "<group>"; };
		240832462AD9AB0200F61FE4 /* PagingView.swift */ = {isa = PBXFileReference; lastKnownFileType = sourcecode.swift; path = PagingView.swift; sourceTree = "<group>"; };
		240832492ADBD08000F61FE4 /* Constanst.swift */ = {isa = PBXFileReference; lastKnownFileType = sourcecode.swift; path = Constanst.swift; sourceTree = "<group>"; };
		2408324C2ADBD87000F61FE4 /* TokenResponse.swift */ = {isa = PBXFileReference; lastKnownFileType = sourcecode.swift; path = TokenResponse.swift; sourceTree = "<group>"; };
		2408324E2ADBE0AF00F61FE4 /* Categories.swift */ = {isa = PBXFileReference; lastKnownFileType = sourcecode.swift; path = Categories.swift; sourceTree = "<group>"; };
		240832512ADC30D400F61FE4 /* SplashView.swift */ = {isa = PBXFileReference; lastKnownFileType = sourcecode.swift; path = SplashView.swift; sourceTree = "<group>"; };
		240832532ADC30E500F61FE4 /* SplashViewModel.swift */ = {isa = PBXFileReference; lastKnownFileType = sourcecode.swift; path = SplashViewModel.swift; sourceTree = "<group>"; };
		240832572ADC44A500F61FE4 /* ProfileView.swift */ = {isa = PBXFileReference; lastKnownFileType = sourcecode.swift; path = ProfileView.swift; sourceTree = "<group>"; };
		2408325A2ADC44BB00F61FE4 /* ProfileViewModel.swift */ = {isa = PBXFileReference; lastKnownFileType = sourcecode.swift; path = ProfileViewModel.swift; sourceTree = "<group>"; };
		2422FF1C2AD6B6B20092CE45 /* RegisterViewModel.swift */ = {isa = PBXFileReference; lastKnownFileType = sourcecode.swift; path = RegisterViewModel.swift; sourceTree = "<group>"; };
		24630BB92AD6923500191991 /* Users.swift */ = {isa = PBXFileReference; lastKnownFileType = sourcecode.swift; path = Users.swift; sourceTree = "<group>"; };
		24630BBB2AD692C800191991 /* LoginViewModel.swift */ = {isa = PBXFileReference; lastKnownFileType = sourcecode.swift; path = LoginViewModel.swift; sourceTree = "<group>"; };
		24630BBE2AD698D800191991 /* TLTextField.swift */ = {isa = PBXFileReference; lastKnownFileType = sourcecode.swift; path = TLTextField.swift; sourceTree = "<group>"; };
		24630BC02AD69EA300191991 /* TLButton.swift */ = {isa = PBXFileReference; lastKnownFileType = sourcecode.swift; path = TLButton.swift; sourceTree = "<group>"; };
		248081A42AB9BEA400148538 /* App.app */ = {isa = PBXFileReference; explicitFileType = wrapper.application; includeInIndex = 0; path = App.app; sourceTree = BUILT_PRODUCTS_DIR; };
		248081A72AB9BEA400148538 /* AppApp.swift */ = {isa = PBXFileReference; lastKnownFileType = sourcecode.swift; path = AppApp.swift; sourceTree = "<group>"; };
		248081A92AB9BEA400148538 /* ContentView.swift */ = {isa = PBXFileReference; lastKnownFileType = sourcecode.swift; path = ContentView.swift; sourceTree = "<group>"; };
		248081AB2AB9BEA500148538 /* Assets.xcassets */ = {isa = PBXFileReference; lastKnownFileType = folder.assetcatalog; path = Assets.xcassets; sourceTree = "<group>"; };
		248081AE2AB9BEA500148538 /* Preview Assets.xcassets */ = {isa = PBXFileReference; lastKnownFileType = folder.assetcatalog; path = "Preview Assets.xcassets"; sourceTree = "<group>"; };
		248081BA2AB9BFF600148538 /* RegisterView.swift */ = {isa = PBXFileReference; lastKnownFileType = sourcecode.swift; path = RegisterView.swift; sourceTree = "<group>"; };
		248081BF2ABAB63300148538 /* LoginView.swift */ = {isa = PBXFileReference; lastKnownFileType = sourcecode.swift; path = LoginView.swift; sourceTree = "<group>"; };
		24983B152AD6CA97006D4228 /* TagBarView.swift */ = {isa = PBXFileReference; lastKnownFileType = sourcecode.swift; path = TagBarView.swift; sourceTree = "<group>"; };
		24983B172AD6CAFD006D4228 /* HomeView.swift */ = {isa = PBXFileReference; lastKnownFileType = sourcecode.swift; path = HomeView.swift; sourceTree = "<group>"; };
		24983B1A2AD853AC006D4228 /* MyService.swift */ = {isa = PBXFileReference; lastKnownFileType = sourcecode.swift; path = MyService.swift; sourceTree = "<group>"; };
		24983B1C2AD91532006D4228 /* ForgotPasswordView.swift */ = {isa = PBXFileReference; lastKnownFileType = sourcecode.swift; path = ForgotPasswordView.swift; sourceTree = "<group>"; };
		24983B202AD918A8006D4228 /* ForgotPasswordViewModel.swift */ = {isa = PBXFileReference; lastKnownFileType = sourcecode.swift; path = ForgotPasswordViewModel.swift; sourceTree = "<group>"; };
		24983B222AD91EEE006D4228 /* VerificationCodeView.swift */ = {isa = PBXFileReference; lastKnownFileType = sourcecode.swift; path = VerificationCodeView.swift; sourceTree = "<group>"; };
		24983B242AD91F07006D4228 /* VerificationCodeViewModel.swift */ = {isa = PBXFileReference; lastKnownFileType = sourcecode.swift; path = VerificationCodeViewModel.swift; sourceTree = "<group>"; };
		24983B262AD923F5006D4228 /* TLSecureField.swift */ = {isa = PBXFileReference; lastKnownFileType = sourcecode.swift; path = TLSecureField.swift; sourceTree = "<group>"; };
		24983B282AD92501006D4228 /* NewPasswordView.swift */ = {isa = PBXFileReference; lastKnownFileType = sourcecode.swift; path = NewPasswordView.swift; sourceTree = "<group>"; };
		24983B2A2AD9250F006D4228 /* NewPasswordViewModel.swift */ = {isa = PBXFileReference; lastKnownFileType = sourcecode.swift; path = NewPasswordViewModel.swift; sourceTree = "<group>"; };
		24983B2D2AD944EA006D4228 /* HomeViewModel.swift */ = {isa = PBXFileReference; lastKnownFileType = sourcecode.swift; path = HomeViewModel.swift; sourceTree = "<group>"; };
		24983B2F2AD94E38006D4228 /* Categories2.swift */ = {isa = PBXFileReference; lastKnownFileType = sourcecode.swift; path = Categories2.swift; sourceTree = "<group>"; };
		24983B312AD963C9006D4228 /* Product.swift */ = {isa = PBXFileReference; lastKnownFileType = sourcecode.swift; path = Product.swift; sourceTree = "<group>"; };
		24983B332AD964F4006D4228 /* ItemRow.swift */ = {isa = PBXFileReference; lastKnownFileType = sourcecode.swift; path = ItemRow.swift; sourceTree = "<group>"; };
		24983B382AD9A744006D4228 /* ItemDetailView.swift */ = {isa = PBXFileReference; lastKnownFileType = sourcecode.swift; path = ItemDetailView.swift; sourceTree = "<group>"; };
		AE35AFAAAF20C12EC29B8764 /* Pods-App.debug.xcconfig */ = {isa = PBXFileReference; includeInIndex = 1; lastKnownFileType = text.xcconfig; name = "Pods-App.debug.xcconfig"; path = "Target Support Files/Pods-App/Pods-App.debug.xcconfig"; sourceTree = "<group>"; };
/* End PBXFileReference section */

/* Begin PBXFrameworksBuildPhase section */
		248081A12AB9BEA400148538 /* Frameworks */ = {
			isa = PBXFrameworksBuildPhase;
			buildActionMask = 2147483647;
			files = (
				876D0C079FBC6562F58CDA93 /* Pods_App.framework in Frameworks */,
			);
			runOnlyForDeploymentPostprocessing = 0;
		};
/* End PBXFrameworksBuildPhase section */

/* Begin PBXGroup section */
		17A1301A7C6A3004C441F1F1 /* Frameworks */ = {
			isa = PBXGroup;
			children = (
				074DDC70FB3961263D710F10 /* Pods_App.framework */,
			);
			name = Frameworks;
			sourceTree = "<group>";
		};
		240832482ADBD06F00F61FE4 /* Utils */ = {
			isa = PBXGroup;
			children = (
				240832492ADBD08000F61FE4 /* Constanst.swift */,
			);
			path = Utils;
			sourceTree = "<group>";
		};
		2408324B2ADBD85300F61FE4 /* Model */ = {
			isa = PBXGroup;
			children = (
				2408324C2ADBD87000F61FE4 /* TokenResponse.swift */,
				2408324E2ADBE0AF00F61FE4 /* Categories.swift */,
			);
			path = Model;
			sourceTree = "<group>";
		};
		240832502ADC30C400F61FE4 /* Splash */ = {
			isa = PBXGroup;
			children = (
				240832512ADC30D400F61FE4 /* SplashView.swift */,
			);
			path = Splash;
			sourceTree = "<group>";
		};
		240832552ADC30F300F61FE4 /* Splash */ = {
			isa = PBXGroup;
			children = (
				240832532ADC30E500F61FE4 /* SplashViewModel.swift */,
			);
			path = Splash;
			sourceTree = "<group>";
		};
		240832562ADC449700F61FE4 /* Profile */ = {
			isa = PBXGroup;
			children = (
				240832572ADC44A500F61FE4 /* ProfileView.swift */,
			);
			path = Profile;
			sourceTree = "<group>";
		};
		240832592ADC44AC00F61FE4 /* Profile */ = {
			isa = PBXGroup;
			children = (
				2408325A2ADC44BB00F61FE4 /* ProfileViewModel.swift */,
			);
			path = Profile;
			sourceTree = "<group>";
		};
		24630BB72AD6866C00191991 /* ViewModel */ = {
			isa = PBXGroup;
			children = (
				240832592ADC44AC00F61FE4 /* Profile */,
				240832552ADC30F300F61FE4 /* Splash */,
				24983B2C2AD944DE006D4228 /* Home */,
				24983B1F2AD91882006D4228 /* Register */,
				24983B1E2AD9187B006D4228 /* Login */,
			);
			path = ViewModel;
			sourceTree = "<group>";
		};
		24630BB82AD6868500191991 /* Model */ = {
			isa = PBXGroup;
			children = (
				24630BB92AD6923500191991 /* Users.swift */,
				24983B2F2AD94E38006D4228 /* Categories2.swift */,
				24983B312AD963C9006D4228 /* Product.swift */,
			);
			path = Model;
			sourceTree = "<group>";
		};
		24630BBD2AD6984D00191991 /* Other */ = {
			isa = PBXGroup;
			children = (
				24630BBE2AD698D800191991 /* TLTextField.swift */,
				24630BC02AD69EA300191991 /* TLButton.swift */,
				24983B262AD923F5006D4228 /* TLSecureField.swift */,
			);
			path = Other;
			sourceTree = "<group>";
		};
		2480819B2AB9BEA400148538 = {
			isa = PBXGroup;
			children = (
				248081A62AB9BEA400148538 /* App */,
				248081A52AB9BEA400148538 /* Products */,
				AFA2F89825BD2B0AA10B9113 /* Pods */,
				17A1301A7C6A3004C441F1F1 /* Frameworks */,
			);
			sourceTree = "<group>";
		};
		248081A52AB9BEA400148538 /* Products */ = {
			isa = PBXGroup;
			children = (
				248081A42AB9BEA400148538 /* App.app */,
			);
			name = Products;
			sourceTree = "<group>";
		};
		248081A62AB9BEA400148538 /* App */ = {
			isa = PBXGroup;
			children = (
				240832482ADBD06F00F61FE4 /* Utils */,
				24983B192AD85393006D4228 /* Service */,
				248081B52AB9BF0B00148538 /* Views */,
				24630BBD2AD6984D00191991 /* Other */,
				248081A72AB9BEA400148538 /* AppApp.swift */,
				248081A92AB9BEA400148538 /* ContentView.swift */,
				24630BB72AD6866C00191991 /* ViewModel */,
				24630BB82AD6868500191991 /* Model */,
				248081AB2AB9BEA500148538 /* Assets.xcassets */,
				248081AD2AB9BEA500148538 /* Preview Content */,
			);
			path = App;
			sourceTree = "<group>";
		};
		248081AD2AB9BEA500148538 /* Preview Content */ = {
			isa = PBXGroup;
			children = (
				248081AE2AB9BEA500148538 /* Preview Assets.xcassets */,
			);
			path = "Preview Content";
			sourceTree = "<group>";
		};
		248081B52AB9BF0B00148538 /* Views */ = {
			isa = PBXGroup;
			children = (
				240832562ADC449700F61FE4 /* Profile */,
				240832502ADC30C400F61FE4 /* Splash */,
				24983B372AD9A6FB006D4228 /* ItemDetail */,
				24983B142AD6CA67006D4228 /* TagBarView */,
				24983B132AD6CA57006D4228 /* Home */,
				248081BE2ABAB62400148538 /* Login */,
				248081B82AB9BF8500148538 /* Register */,
			);
			path = Views;
			sourceTree = "<group>";
		};
		248081B82AB9BF8500148538 /* Register */ = {
			isa = PBXGroup;
			children = (
				248081BA2AB9BFF600148538 /* RegisterView.swift */,
			);
			path = Register;
			sourceTree = "<group>";
		};
		248081BE2ABAB62400148538 /* Login */ = {
			isa = PBXGroup;
			children = (
				248081BF2ABAB63300148538 /* LoginView.swift */,
				24983B1C2AD91532006D4228 /* ForgotPasswordView.swift */,
				24983B222AD91EEE006D4228 /* VerificationCodeView.swift */,
				24983B282AD92501006D4228 /* NewPasswordView.swift */,
			);
			path = Login;
			sourceTree = "<group>";
		};
		24983B132AD6CA57006D4228 /* Home */ = {
			isa = PBXGroup;
			children = (
				24983B172AD6CAFD006D4228 /* HomeView.swift */,
				24983B332AD964F4006D4228 /* ItemRow.swift */,
			);
			path = Home;
			sourceTree = "<group>";
		};
		24983B142AD6CA67006D4228 /* TagBarView */ = {
			isa = PBXGroup;
			children = (
				24983B152AD6CA97006D4228 /* TagBarView.swift */,
			);
			path = TagBarView;
			sourceTree = "<group>";
		};
		24983B192AD85393006D4228 /* Service */ = {
			isa = PBXGroup;
			children = (
				2408324B2ADBD85300F61FE4 /* Model */,
				24983B1A2AD853AC006D4228 /* MyService.swift */,
			);
			path = Service;
			sourceTree = "<group>";
		};
		24983B1E2AD9187B006D4228 /* Login */ = {
			isa = PBXGroup;
			children = (
				24630BBB2AD692C800191991 /* LoginViewModel.swift */,
				24983B202AD918A8006D4228 /* ForgotPasswordViewModel.swift */,
				24983B242AD91F07006D4228 /* VerificationCodeViewModel.swift */,
				24983B2A2AD9250F006D4228 /* NewPasswordViewModel.swift */,
			);
			path = Login;
			sourceTree = "<group>";
		};
		24983B1F2AD91882006D4228 /* Register */ = {
			isa = PBXGroup;
			children = (
				2422FF1C2AD6B6B20092CE45 /* RegisterViewModel.swift */,
			);
			path = Register;
			sourceTree = "<group>";
		};
		24983B2C2AD944DE006D4228 /* Home */ = {
			isa = PBXGroup;
			children = (
				24983B2D2AD944EA006D4228 /* HomeViewModel.swift */,
			);
			path = Home;
			sourceTree = "<group>";
		};
		24983B372AD9A6FB006D4228 /* ItemDetail */ = {
			isa = PBXGroup;
			children = (
				24983B382AD9A744006D4228 /* ItemDetailView.swift */,
				240832462AD9AB0200F61FE4 /* PagingView.swift */,
			);
			path = ItemDetail;
			sourceTree = "<group>";
		};
		AFA2F89825BD2B0AA10B9113 /* Pods */ = {
			isa = PBXGroup;
			children = (
				AE35AFAAAF20C12EC29B8764 /* Pods-App.debug.xcconfig */,
				0EAA6936F3A6149441770A0A /* Pods-App.release.xcconfig */,
			);
			path = Pods;
			sourceTree = "<group>";
		};
/* End PBXGroup section */

/* Begin PBXNativeTarget section */
		248081A32AB9BEA400148538 /* App */ = {
			isa = PBXNativeTarget;
			buildConfigurationList = 248081B22AB9BEA500148538 /* Build configuration list for PBXNativeTarget "App" */;
			buildPhases = (
				DE623355CBACB63B61E273F1 /* [CP] Check Pods Manifest.lock */,
				248081A02AB9BEA400148538 /* Sources */,
				248081A12AB9BEA400148538 /* Frameworks */,
				248081A22AB9BEA400148538 /* Resources */,
				2B870AF5AF7A0D0AE06E73F4 /* [CP] Embed Pods Frameworks */,
			);
			buildRules = (
			);
			dependencies = (
			);
			name = App;
			productName = App;
			productReference = 248081A42AB9BEA400148538 /* App.app */;
			productType = "com.apple.product-type.application";
		};
/* End PBXNativeTarget section */

/* Begin PBXProject section */
		2480819C2AB9BEA400148538 /* Project object */ = {
			isa = PBXProject;
			attributes = {
				BuildIndependentTargetsInParallel = 1;
				LastSwiftUpdateCheck = 1430;
				LastUpgradeCheck = 1430;
				TargetAttributes = {
					248081A32AB9BEA400148538 = {
						CreatedOnToolsVersion = 14.3.1;
					};
				};
			};
			buildConfigurationList = 2480819F2AB9BEA400148538 /* Build configuration list for PBXProject "App" */;
			compatibilityVersion = "Xcode 14.0";
			developmentRegion = en;
			hasScannedForEncodings = 0;
			knownRegions = (
				en,
				Base,
			);
			mainGroup = 2480819B2AB9BEA400148538;
			productRefGroup = 248081A52AB9BEA400148538 /* Products */;
			projectDirPath = "";
			projectRoot = "";
			targets = (
				248081A32AB9BEA400148538 /* App */,
			);
		};
/* End PBXProject section */

/* Begin PBXResourcesBuildPhase section */
		248081A22AB9BEA400148538 /* Resources */ = {
			isa = PBXResourcesBuildPhase;
			buildActionMask = 2147483647;
			files = (
				248081AF2AB9BEA500148538 /* Preview Assets.xcassets in Resources */,
				248081AC2AB9BEA500148538 /* Assets.xcassets in Resources */,
			);
			runOnlyForDeploymentPostprocessing = 0;
		};
/* End PBXResourcesBuildPhase section */

/* Begin PBXShellScriptBuildPhase section */
		2B870AF5AF7A0D0AE06E73F4 /* [CP] Embed Pods Frameworks */ = {
			isa = PBXShellScriptBuildPhase;
			buildActionMask = 2147483647;
			files = (
			);
			inputFileListPaths = (
				"${PODS_ROOT}/Target Support Files/Pods-App/Pods-App-frameworks-${CONFIGURATION}-input-files.xcfilelist",
			);
			name = "[CP] Embed Pods Frameworks";
			outputFileListPaths = (
				"${PODS_ROOT}/Target Support Files/Pods-App/Pods-App-frameworks-${CONFIGURATION}-output-files.xcfilelist",
			);
			runOnlyForDeploymentPostprocessing = 0;
			shellPath = /bin/sh;
			shellScript = "\"${PODS_ROOT}/Target Support Files/Pods-App/Pods-App-frameworks.sh\"\n";
			showEnvVarsInLog = 0;
		};
		DE623355CBACB63B61E273F1 /* [CP] Check Pods Manifest.lock */ = {
			isa = PBXShellScriptBuildPhase;
			buildActionMask = 2147483647;
			files = (
			);
			inputFileListPaths = (
			);
			inputPaths = (
				"${PODS_PODFILE_DIR_PATH}/Podfile.lock",
				"${PODS_ROOT}/Manifest.lock",
			);
			name = "[CP] Check Pods Manifest.lock";
			outputFileListPaths = (
			);
			outputPaths = (
				"$(DERIVED_FILE_DIR)/Pods-App-checkManifestLockResult.txt",
			);
			runOnlyForDeploymentPostprocessing = 0;
			shellPath = /bin/sh;
			shellScript = "diff \"${PODS_PODFILE_DIR_PATH}/Podfile.lock\" \"${PODS_ROOT}/Manifest.lock\" > /dev/null\nif [ $? != 0 ] ; then\n    # print error to STDERR\n    echo \"error: The sandbox is not in sync with the Podfile.lock. Run 'pod install' or update your CocoaPods installation.\" >&2\n    exit 1\nfi\n# This output is used by Xcode 'outputs' to avoid re-running this script phase.\necho \"SUCCESS\" > \"${SCRIPT_OUTPUT_FILE_0}\"\n";
			showEnvVarsInLog = 0;
		};
/* End PBXShellScriptBuildPhase section */

/* Begin PBXSourcesBuildPhase section */
		248081A02AB9BEA400148538 /* Sources */ = {
			isa = PBXSourcesBuildPhase;
			buildActionMask = 2147483647;
			files = (
				24983B292AD92501006D4228 /* NewPasswordView.swift in Sources */,
				2408324F2ADBE0AF00F61FE4 /* Categories.swift in Sources */,
				248081BB2AB9BFF600148538 /* RegisterView.swift in Sources */,
				24983B342AD964F4006D4228 /* ItemRow.swift in Sources */,
				248081AA2AB9BEA400148538 /* ContentView.swift in Sources */,
				24630BBC2AD692C800191991 /* LoginViewModel.swift in Sources */,
				24630BBF2AD698D800191991 /* TLTextField.swift in Sources */,
				24983B322AD963C9006D4228 /* Product.swift in Sources */,
				24630BBA2AD6923500191991 /* Users.swift in Sources */,
				24983B272AD923F5006D4228 /* TLSecureField.swift in Sources */,
				24983B182AD6CAFD006D4228 /* HomeView.swift in Sources */,
				24983B302AD94E38006D4228 /* Categories2.swift in Sources */,
				24983B2E2AD944EA006D4228 /* HomeViewModel.swift in Sources */,
				24983B392AD9A744006D4228 /* ItemDetailView.swift in Sources */,
				2408325B2ADC44BB00F61FE4 /* ProfileViewModel.swift in Sources */,
				2408324D2ADBD87000F61FE4 /* TokenResponse.swift in Sources */,
				240832542ADC30E500F61FE4 /* SplashViewModel.swift in Sources */,
				24983B162AD6CA97006D4228 /* TagBarView.swift in Sources */,
				24630BC12AD69EA300191991 /* TLButton.swift in Sources */,
				240832582ADC44A500F61FE4 /* ProfileView.swift in Sources */,
				248081A82AB9BEA400148538 /* AppApp.swift in Sources */,
				24983B232AD91EEE006D4228 /* VerificationCodeView.swift in Sources */,
				2408324A2ADBD08000F61FE4 /* Constanst.swift in Sources */,
				24983B1B2AD853AC006D4228 /* MyService.swift in Sources */,
				24983B212AD918A8006D4228 /* ForgotPasswordViewModel.swift in Sources */,
				24983B1D2AD91532006D4228 /* ForgotPasswordView.swift in Sources */,
				2422FF1D2AD6B6B20092CE45 /* RegisterViewModel.swift in Sources */,
				24983B2B2AD9250F006D4228 /* NewPasswordViewModel.swift in Sources */,
				24983B252AD91F07006D4228 /* VerificationCodeViewModel.swift in Sources */,
				240832522ADC30D400F61FE4 /* SplashView.swift in Sources */,
				240832472AD9AB0200F61FE4 /* PagingView.swift in Sources */,
				248081C02ABAB63300148538 /* LoginView.swift in Sources */,
			);
			runOnlyForDeploymentPostprocessing = 0;
		};
/* End PBXSourcesBuildPhase section */

/* Begin XCBuildConfiguration section */
		248081B02AB9BEA500148538 /* Debug */ = {
			isa = XCBuildConfiguration;
			buildSettings = {
				ALWAYS_SEARCH_USER_PATHS = NO;
				CLANG_ANALYZER_NONNULL = YES;
				CLANG_ANALYZER_NUMBER_OBJECT_CONVERSION = YES_AGGRESSIVE;
				CLANG_CXX_LANGUAGE_STANDARD = "gnu++20";
				CLANG_ENABLE_MODULES = YES;
				CLANG_ENABLE_OBJC_ARC = YES;
				CLANG_ENABLE_OBJC_WEAK = YES;
				CLANG_WARN_BLOCK_CAPTURE_AUTORELEASING = YES;
				CLANG_WARN_BOOL_CONVERSION = YES;
				CLANG_WARN_COMMA = YES;
				CLANG_WARN_CONSTANT_CONVERSION = YES;
				CLANG_WARN_DEPRECATED_OBJC_IMPLEMENTATIONS = YES;
				CLANG_WARN_DIRECT_OBJC_ISA_USAGE = YES_ERROR;
				CLANG_WARN_DOCUMENTATION_COMMENTS = YES;
				CLANG_WARN_EMPTY_BODY = YES;
				CLANG_WARN_ENUM_CONVERSION = YES;
				CLANG_WARN_INFINITE_RECURSION = YES;
				CLANG_WARN_INT_CONVERSION = YES;
				CLANG_WARN_NON_LITERAL_NULL_CONVERSION = YES;
				CLANG_WARN_OBJC_IMPLICIT_RETAIN_SELF = YES;
				CLANG_WARN_OBJC_LITERAL_CONVERSION = YES;
				CLANG_WARN_OBJC_ROOT_CLASS = YES_ERROR;
				CLANG_WARN_QUOTED_INCLUDE_IN_FRAMEWORK_HEADER = YES;
				CLANG_WARN_RANGE_LOOP_ANALYSIS = YES;
				CLANG_WARN_STRICT_PROTOTYPES = YES;
				CLANG_WARN_SUSPICIOUS_MOVE = YES;
				CLANG_WARN_UNGUARDED_AVAILABILITY = YES_AGGRESSIVE;
				CLANG_WARN_UNREACHABLE_CODE = YES;
				CLANG_WARN__DUPLICATE_METHOD_MATCH = YES;
				COPY_PHASE_STRIP = NO;
				DEBUG_INFORMATION_FORMAT = dwarf;
				ENABLE_STRICT_OBJC_MSGSEND = YES;
				ENABLE_TESTABILITY = YES;
				GCC_C_LANGUAGE_STANDARD = gnu11;
				GCC_DYNAMIC_NO_PIC = NO;
				GCC_NO_COMMON_BLOCKS = YES;
				GCC_OPTIMIZATION_LEVEL = 0;
				GCC_PREPROCESSOR_DEFINITIONS = (
					"DEBUG=1",
					"$(inherited)",
				);
				GCC_WARN_64_TO_32_BIT_CONVERSION = YES;
				GCC_WARN_ABOUT_RETURN_TYPE = YES_ERROR;
				GCC_WARN_UNDECLARED_SELECTOR = YES;
				GCC_WARN_UNINITIALIZED_AUTOS = YES_AGGRESSIVE;
				GCC_WARN_UNUSED_FUNCTION = YES;
				GCC_WARN_UNUSED_VARIABLE = YES;
				IPHONEOS_DEPLOYMENT_TARGET = 16.4;
				MTL_ENABLE_DEBUG_INFO = INCLUDE_SOURCE;
				MTL_FAST_MATH = YES;
				ONLY_ACTIVE_ARCH = YES;
				SDKROOT = iphoneos;
				SWIFT_ACTIVE_COMPILATION_CONDITIONS = DEBUG;
				SWIFT_OPTIMIZATION_LEVEL = "-Onone";
			};
			name = Debug;
		};
		248081B12AB9BEA500148538 /* Release */ = {
			isa = XCBuildConfiguration;
			buildSettings = {
				ALWAYS_SEARCH_USER_PATHS = NO;
				CLANG_ANALYZER_NONNULL = YES;
				CLANG_ANALYZER_NUMBER_OBJECT_CONVERSION = YES_AGGRESSIVE;
				CLANG_CXX_LANGUAGE_STANDARD = "gnu++20";
				CLANG_ENABLE_MODULES = YES;
				CLANG_ENABLE_OBJC_ARC = YES;
				CLANG_ENABLE_OBJC_WEAK = YES;
				CLANG_WARN_BLOCK_CAPTURE_AUTORELEASING = YES;
				CLANG_WARN_BOOL_CONVERSION = YES;
				CLANG_WARN_COMMA = YES;
				CLANG_WARN_CONSTANT_CONVERSION = YES;
				CLANG_WARN_DEPRECATED_OBJC_IMPLEMENTATIONS = YES;
				CLANG_WARN_DIRECT_OBJC_ISA_USAGE = YES_ERROR;
				CLANG_WARN_DOCUMENTATION_COMMENTS = YES;
				CLANG_WARN_EMPTY_BODY = YES;
				CLANG_WARN_ENUM_CONVERSION = YES;
				CLANG_WARN_INFINITE_RECURSION = YES;
				CLANG_WARN_INT_CONVERSION = YES;
				CLANG_WARN_NON_LITERAL_NULL_CONVERSION = YES;
				CLANG_WARN_OBJC_IMPLICIT_RETAIN_SELF = YES;
				CLANG_WARN_OBJC_LITERAL_CONVERSION = YES;
				CLANG_WARN_OBJC_ROOT_CLASS = YES_ERROR;
				CLANG_WARN_QUOTED_INCLUDE_IN_FRAMEWORK_HEADER = YES;
				CLANG_WARN_RANGE_LOOP_ANALYSIS = YES;
				CLANG_WARN_STRICT_PROTOTYPES = YES;
				CLANG_WARN_SUSPICIOUS_MOVE = YES;
				CLANG_WARN_UNGUARDED_AVAILABILITY = YES_AGGRESSIVE;
				CLANG_WARN_UNREACHABLE_CODE = YES;
				CLANG_WARN__DUPLICATE_METHOD_MATCH = YES;
				COPY_PHASE_STRIP = NO;
				DEBUG_INFORMATION_FORMAT = "dwarf-with-dsym";
				ENABLE_NS_ASSERTIONS = NO;
				ENABLE_STRICT_OBJC_MSGSEND = YES;
				GCC_C_LANGUAGE_STANDARD = gnu11;
				GCC_NO_COMMON_BLOCKS = YES;
				GCC_WARN_64_TO_32_BIT_CONVERSION = YES;
				GCC_WARN_ABOUT_RETURN_TYPE = YES_ERROR;
				GCC_WARN_UNDECLARED_SELECTOR = YES;
				GCC_WARN_UNINITIALIZED_AUTOS = YES_AGGRESSIVE;
				GCC_WARN_UNUSED_FUNCTION = YES;
				GCC_WARN_UNUSED_VARIABLE = YES;
				IPHONEOS_DEPLOYMENT_TARGET = 16.4;
				MTL_ENABLE_DEBUG_INFO = NO;
				MTL_FAST_MATH = YES;
				SDKROOT = iphoneos;
				SWIFT_COMPILATION_MODE = wholemodule;
				SWIFT_OPTIMIZATION_LEVEL = "-O";
				VALIDATE_PRODUCT = YES;
			};
			name = Release;
		};
		248081B32AB9BEA500148538 /* Debug */ = {
			isa = XCBuildConfiguration;
			baseConfigurationReference = AE35AFAAAF20C12EC29B8764 /* Pods-App.debug.xcconfig */;
			buildSettings = {
				ASSETCATALOG_COMPILER_APPICON_NAME = AppIcon;
				ASSETCATALOG_COMPILER_GLOBAL_ACCENT_COLOR_NAME = AccentColor;
				CODE_SIGN_STYLE = Automatic;
				CURRENT_PROJECT_VERSION = 1;
				DEVELOPMENT_ASSET_PATHS = "\"App/Preview Content\"";
				DEVELOPMENT_TEAM = ZF3NGCURC2;
				ENABLE_PREVIEWS = YES;
				GENERATE_INFOPLIST_FILE = YES;
				INFOPLIST_KEY_UIApplicationSceneManifest_Generation = YES;
				INFOPLIST_KEY_UIApplicationSupportsIndirectInputEvents = YES;
				INFOPLIST_KEY_UILaunchScreen_Generation = YES;
				INFOPLIST_KEY_UISupportedInterfaceOrientations_iPad = "UIInterfaceOrientationPortrait UIInterfaceOrientationPortraitUpsideDown UIInterfaceOrientationLandscapeLeft UIInterfaceOrientationLandscapeRight";
				INFOPLIST_KEY_UISupportedInterfaceOrientations_iPhone = "UIInterfaceOrientationPortrait UIInterfaceOrientationLandscapeLeft UIInterfaceOrientationLandscapeRight";
				LD_RUNPATH_SEARCH_PATHS = (
					"$(inherited)",
					"@executable_path/Frameworks",
				);
				MARKETING_VERSION = 1.0;
				PRODUCT_BUNDLE_IDENTIFIER = com.hien.App;
				PRODUCT_NAME = "$(TARGET_NAME)";
				SWIFT_EMIT_LOC_STRINGS = YES;
				SWIFT_VERSION = 5.0;
				TARGETED_DEVICE_FAMILY = "1,2";
			};
			name = Debug;
		};
		248081B42AB9BEA500148538 /* Release */ = {
			isa = XCBuildConfiguration;
			baseConfigurationReference = 0EAA6936F3A6149441770A0A /* Pods-App.release.xcconfig */;
			buildSettings = {
				ASSETCATALOG_COMPILER_APPICON_NAME = AppIcon;
				ASSETCATALOG_COMPILER_GLOBAL_ACCENT_COLOR_NAME = AccentColor;
				CODE_SIGN_STYLE = Automatic;
				CURRENT_PROJECT_VERSION = 1;
				DEVELOPMENT_ASSET_PATHS = "\"App/Preview Content\"";
				DEVELOPMENT_TEAM = ZF3NGCURC2;
				ENABLE_PREVIEWS = YES;
				GENERATE_INFOPLIST_FILE = YES;
				INFOPLIST_KEY_UIApplicationSceneManifest_Generation = YES;
				INFOPLIST_KEY_UIApplicationSupportsIndirectInputEvents = YES;
				INFOPLIST_KEY_UILaunchScreen_Generation = YES;
				INFOPLIST_KEY_UISupportedInterfaceOrientations_iPad = "UIInterfaceOrientationPortrait UIInterfaceOrientationPortraitUpsideDown UIInterfaceOrientationLandscapeLeft UIInterfaceOrientationLandscapeRight";
				INFOPLIST_KEY_UISupportedInterfaceOrientations_iPhone = "UIInterfaceOrientationPortrait UIInterfaceOrientationLandscapeLeft UIInterfaceOrientationLandscapeRight";
				LD_RUNPATH_SEARCH_PATHS = (
					"$(inherited)",
					"@executable_path/Frameworks",
				);
				MARKETING_VERSION = 1.0;
				PRODUCT_BUNDLE_IDENTIFIER = com.hien.App;
				PRODUCT_NAME = "$(TARGET_NAME)";
				SWIFT_EMIT_LOC_STRINGS = YES;
				SWIFT_VERSION = 5.0;
				TARGETED_DEVICE_FAMILY = "1,2";
			};
			name = Release;
		};
/* End XCBuildConfiguration section */

/* Begin XCConfigurationList section */
		2480819F2AB9BEA400148538 /* Build configuration list for PBXProject "App" */ = {
			isa = XCConfigurationList;
			buildConfigurations = (
				248081B02AB9BEA500148538 /* Debug */,
				248081B12AB9BEA500148538 /* Release */,
			);
			defaultConfigurationIsVisible = 0;
			defaultConfigurationName = Release;
		};
		248081B22AB9BEA500148538 /* Build configuration list for PBXNativeTarget "App" */ = {
			isa = XCConfigurationList;
			buildConfigurations = (
				248081B32AB9BEA500148538 /* Debug */,
				248081B42AB9BEA500148538 /* Release */,
			);
			defaultConfigurationIsVisible = 0;
			defaultConfigurationName = Release;
		};
/* End XCConfigurationList section */
	};
	rootObject = 2480819C2AB9BEA400148538 /* Project object */;
}
